
Microsoft Visual Studio Solution File, Format Version 12.00
# Visual Studio 15
VisualStudioVersion = 15.0.26430.6
MinimumVisualStudioVersion = 10.0.40219.1
Project("{8BC9CEB8-8B4A-11D0-8D11-00A0C91BC942}") = "ujson", "ujson\ujson.vcxproj", "{58E929D8-4E5E-480A-B41B-46DD950AAFC4}"
EndProject
Project("{8BC9CEB8-8B4A-11D0-8D11-00A0C91BC942}") = "double-conversion", "..\deps\double-conversion\msvc\double-conversion.vcxproj", "{6863544A-0CE8-4CA9-A132-74116FD9D9BB}"
EndProject
Global
	GlobalSection(SolutionConfigurationPlatforms) = preSolution
		Debug|x64 = Debug|x64
		Debug|x86 = Debug|x86
		Release|x64 = Release|x64
		Release|x86 = Release|x86
		ReleaseNoOpt|x64 = ReleaseNoOpt|x64
		ReleaseNoOpt|x86 = ReleaseNoOpt|x86
	EndGlobalSection
	GlobalSection(ProjectConfigurationPlatforms) = postSolution
		{58E929D8-4E5E-480A-B41B-46DD950AAFC4}.Debug|x64.ActiveCfg = Debug|x64
		{58E929D8-4E5E-480A-B41B-46DD950AAFC4}.Debug|x64.Build.0 = Debug|x64
		{58E929D8-4E5E-480A-B41B-46DD950AAFC4}.Debug|x86.ActiveCfg = Debug|Win32
		{58E929D8-4E5E-480A-B41B-46DD950AAFC4}.Debug|x86.Build.0 = Debug|Win32
		{58E929D8-4E5E-480A-B41B-46DD950AAFC4}.Release|x64.ActiveCfg = Release|x64
		{58E929D8-4E5E-480A-B41B-46DD950AAFC4}.Release|x64.Build.0 = Release|x64
		{58E929D8-4E5E-480A-B41B-46DD950AAFC4}.Release|x86.ActiveCfg = Release|Win32
		{58E929D8-4E5E-480A-B41B-46DD950AAFC4}.Release|x86.Build.0 = Release|Win32
		{58E929D8-4E5E-480A-B41B-46DD950AAFC4}.ReleaseNoOpt|x64.ActiveCfg = ReleaseNoOpt|x64
		{58E929D8-4E5E-480A-B41B-46DD950AAFC4}.ReleaseNoOpt|x64.Build.0 = ReleaseNoOpt|x64
		{58E929D8-4E5E-480A-B41B-46DD950AAFC4}.ReleaseNoOpt|x86.ActiveCfg = ReleaseNoOpt|Win32
		{58E929D8-4E5E-480A-B41B-46DD950AAFC4}.ReleaseNoOpt|x86.Build.0 = ReleaseNoOpt|Win32
		{6863544A-0CE8-4CA9-A132-74116FD9D9BB}.Debug|x64.ActiveCfg = Debug|x64
		{6863544A-0CE8-4CA9-A132-74116FD9D9BB}.Debug|x64.Build.0 = Debug|x64
		{6863544A-0CE8-4CA9-A132-74116FD9D9BB}.Debug|x86.ActiveCfg = Debug|Win32
		{6863544A-0CE8-4CA9-A132-74116FD9D9BB}.Debug|x86.Build.0 = Debug|Win32
		{6863544A-0CE8-4CA9-A132-74116FD9D9BB}.Release|x64.ActiveCfg = Release|x64
		{6863544A-0CE8-4CA9-A132-74116FD9D9BB}.Release|x64.Build.0 = Release|x64
		{6863544A-0CE8-4CA9-A132-74116FD9D9BB}.Release|x86.ActiveCfg = Release|Win32
		{6863544A-0CE8-4CA9-A132-74116FD9D9BB}.Release|x86.Build.0 = Release|Win32
		{6863544A-0CE8-4CA9-A132-74116FD9D9BB}.ReleaseNoOpt|x64.ActiveCfg = ReleaseNoOpt|x64
		{6863544A-0CE8-4CA9-A132-74116FD9D9BB}.ReleaseNoOpt|x64.Build.0 = ReleaseNoOpt|x64
		{6863544A-0CE8-4CA9-A132-74116FD9D9BB}.ReleaseNoOpt|x86.ActiveCfg = ReleaseNoOpt|Win32
		{6863544A-0CE8-4CA9-A132-74116FD9D9BB}.ReleaseNoOpt|x86.Build.0 = ReleaseNoOpt|Win32
	EndGlobalSection
	GlobalSection(SolutionProperties) = preSolution
		HideSolutionNode = FALSE
	EndGlobalSection
EndGlobal
